{
  "name": "faceidserver",
  "version": "1.0.0",
  "lockfileVersion": 3,
  "requires": true,
  "packages": {
    "": {
      "name": "faceidserver",
      "version": "1.0.0",
      "license": "ISC",
      "dependencies": {
        "cbor": "^10.0.3",
        "crypto": "^1.0.1",
        "fs": "^0.0.1-security",
        "net": "^1.0.2"
      }
    },
    "node_modules/cbor": {
      "version": "10.0.3",
      "resolved": "https://registry.npmjs.org/cbor/-/cbor-10.0.3.tgz",
      "integrity": "sha512-72Jnj81xMsqepqdcSdf2+fflz/UDsThOHy5hj2MW5F5xzHL8Oa0KQ6I6V9CwVUPxg5pf+W9xp6W2KilaRXWWtw==",
      "license": "MIT",
      "dependencies": {
        "nofilter": "^3.0.2"
      },
      "engines": {
        "node": ">=18"
      }
    },
    "node_modules/crypto": {
      "version": "1.0.1",
      "resolved": "https://registry.npmjs.org/crypto/-/crypto-1.0.1.tgz",
      "integrity": "sha512-VxBKmeNcqQdiUQUW2Tzq0t377b54N2bMtXO/qiLa+6eRRmmC4qT3D4OnTGoT/U6O9aklQ/jTwbOtRMTTY8G0Ig==",
      "deprecated": "This package is no longer supported. It's now a built-in Node module. If you've depended on crypto, you should switch to the one that's built-in.",
      "license": "ISC"
    },
    "node_modules/fs": {
      "version": "0.0.1-security",
      "resolved": "https://registry.npmjs.org/fs/-/fs-0.0.1-security.tgz",
      "integrity": "sha512-3XY9e1pP0CVEUCdj5BmfIZxRBTSDycnbqhIOGec9QYtmVH2fbLpj86CFWkrNOkt/Fvty4KZG5lTglL9j/gJ87w==",
      "license": "ISC"
    },
    "node_modules/net": {
      "version": "1.0.2",
      "resolved": "https://registry.npmjs.org/net/-/net-1.0.2.tgz",
      "integrity": "sha512-kbhcj2SVVR4caaVnGLJKmlk2+f+oLkjqdKeQlmUtz6nGzOpbcobwVIeSURNgraV/v3tlmGIX82OcPCl0K6RbHQ==",
      "license": "MIT"
    },
    "node_modules/nofilter": {
      "version": "3.1.0",
      "resolved": "https://registry.npmjs.org/nofilter/-/nofilter-3.1.0.tgz",
      "integrity": "sha512-l2NNj07e9afPnhAhvgVrCD/oy2Ai1yfLpuo3EpiO1jFTsB4sFz6oIfAfSZyQzVpkZQ9xS8ZS5g1jCBgq4Hwo0g==",
      "license": "MIT",
      "engines": {
        "node": ">=12.19"
      }
    }
  }
}
